{
  "name": "ai-model-agent",
  "lockfileVersion": 3,
  "requires": true,
  "packages": {
    "": {
      "dependencies": {
        "@sentry/cloudflare": "^10.72.0"
      }
    },
    "node_modules/@jridgewell/sourcemap-codec": {
      "version": "1.6.0",
      "resolved": "https://registry.npmjs.org/@jridgewell/sourcemap-codec/-/sourcemap-codec-1.6.0.tgz",
      "integrity": "sha512-T7jf+5zgsZHwNJ4lvQ7/aezbyk0nNX+zJVWpmHA7VYsEx7a7qr5Rg5IbtJFqkgze5Y2sruq1RUY8Q837Od7iFw==",
      "license": "MIT"
    },
    "node_modules/@opentelemetry/api": {
      "version": "1.9.1",
      "resolved": "https://registry.npmjs.org/@opentelemetry/api/-/api-1.9.1.tgz",
      "integrity": "sha512-gLyJlPHPZYdAk1JENA9LeHejZe1Ti77/pTeFm/nMXmQH/HFZlcS/O2XJB+L8fkbrNSqhdtlvjBVjxwUYanNH5Q==",
      "license": "Apache-2.0",
      "engines": {
        "node": ">=8.0.0"
      }
    },
    "node_modules/@sentry/cloudflare": {
      "version": "10.72.0",
      "resolved": "https://registry.npmjs.org/@sentry/cloudflare/-/cloudflare-10.72.0.tgz",
      "integrity": "sha512-fRMlu916jqB5iYSfJlV1MVsM76nLVG1KxkQHmqD/Bg+DyqxiY/ETsP2mL0rscxSuznR3Kjh4fh76PZ+KiGclIw==",
      "license": "MIT",
      "dependencies": {
        "@opentelemetry/api": "^1.9.1",
        "@sentry/core": "10.72.0",
        "@sentry/server-utils": "10.72.0",
        "magic-string": "~0.30.21"
      },
      "engines": {
        "node": ">=18"
      },
      "peerDependencies": {
        "@cloudflare/workers-types": "^4.x || ^5.x",
        "wrangler": "^4.x"
      },
      "peerDependenciesMeta": {
        "@cloudflare/workers-types": {
          "optional": true
        },
        "wrangler": {
          "optional": true
        }
      }
    },
    "node_modules/@sentry/conventions": {
      "version": "0.16.0",
      "resolved": "https://registry.npmjs.org/@sentry/conventions/-/conventions-0.16.0.tgz",
      "integrity": "sha512-fO9PLmHdVURcSPUpWCItWAtgKiMwGdJHbovoSEyLplX5sxs2ugvI4CBPTrkkgqhObnZOD0CnWBKDzSVQYBKEyQ==",
      "license": "MIT",
      "engines": {
        "node": ">=14"
      }
    },
    "node_modules/@sentry/core": {
      "version": "10.72.0",
      "resolved": "https://registry.npmjs.org/@sentry/core/-/core-10.72.0.tgz",
      "integrity": "sha512-UJMHZfbjP4qk+g4AQhZmzosMdICC2D9p0/hLrm1LofPsp+WBfcSnv9jsY1a9TfmpS4WCAmTx8nANYTIXifcBjA==",
      "license": "MIT",
      "dependencies": {
        "@sentry/conventions": "^0.16.0"
      },
      "engines": {
        "node": ">=18"
      }
    },
    "node_modules/@sentry/server-utils": {
      "version": "10.72.0",
      "resolved": "https://registry.npmjs.org/@sentry/server-utils/-/server-utils-10.72.0.tgz",
      "integrity": "sha512-CWpHMYW81RDBSVBdnxulGUvvBhkBb/OpSr72ubSe1UkKTcgT0NDMCWxE3dLFXqSxzT4DaF5UlUVv9ii5Sse53w==",
      "license": "MIT",
      "dependencies": {
        "@sentry/conventions": "^0.16.0",
        "@sentry/core": "10.72.0"
      },
      "engines": {
        "node": ">=18"
      }
    },
    "node_modules/magic-string": {
      "version": "0.30.21",
      "resolved": "https://registry.npmjs.org/magic-string/-/magic-string-0.30.21.tgz",
      "integrity": "sha512-vd2F4YUyEXKGcLHoq+TEyCjxueSeHnFxyyjNp80yg0XV4vUhnDer/lvvlqM/arB5bXQN5K2/3oinyCRyx8T2CQ==",
      "license": "MIT",
      "dependencies": {
        "@jridgewell/sourcemap-codec": "^1.5.5"
      }
    }
  }
}
